PODS:
  - LMJDropdownMenu (2.0.3)

DEPENDENCIES:
  - LMJDropdownMenu

SPEC REPOS:
  https://github.com/cocoapods/specs.git:
    - LMJDropdownMenu

SPEC CHECKSUMS:
  LMJDropdownMenu: 1766ca36c8da3567e7b8af10f8b00c23a1c694c4

PODFILE CHECKSUM: 86132ff689e3b5cb0ff7e85abb160fd98b35c29d

COCOAPODS: 1.7.5
